// !$*UTF8*$!
{
	archiveVersion = 1;
	classes = {
	};
	objectVersion = 50;
	objects = {

/* Begin PBXBuildFile section */
		C42E97982198803A00CCA466 /* PlayerConnection.cpp in Sources */ = {isa = PBXBuildFile; fileRef = C42E97962198803A00CCA466 /* PlayerConnection.cpp */; };
		C4B0222B2195822B0054128C /* main.cpp in Sources */ = {isa = PBXBuildFile; fileRef = C4B022242195822B0054128C /* main.cpp */; };
		C4B0222C2195822B0054128C /* ServerComponent.cpp in Sources */ = {isa = PBXBuildFile; fileRef = C4B022262195822B0054128C /* ServerComponent.cpp */; };
		C4B0222D2195822B0054128C /* NetworkingServer.cpp in Sources */ = {isa = PBXBuildFile; fileRef = C4B022272195822B0054128C /* NetworkingServer.cpp */; };
		C4B0222E2195822B0054128C /* GameServer.cpp in Sources */ = {isa = PBXBuildFile; fileRef = C4B022282195822B0054128C /* GameServer.cpp */; };
		C4CC5A6821996FD100C54D2F /* NetworkingProtocol.cpp in Sources */ = {isa = PBXBuildFile; fileRef = C4CC5A6621996FD100C54D2F /* NetworkingProtocol.cpp */; };
		C4CC5A6B21998E7D00C54D2F /* PlayerEvent.cpp in Sources */ = {isa = PBXBuildFile; fileRef = C4CC5A6921998E7D00C54D2F /* PlayerEvent.cpp */; };
		C4CC5A7221999B2900C54D2F /* PlayerEventTypeResolver.cpp in Sources */ = {isa = PBXBuildFile; fileRef = C4CC5A7021999B2900C54D2F /* PlayerEventTypeResolver.cpp */; };
/* End PBXBuildFile section */

/* Begin PBXFileReference section */
		C42E97962198803A00CCA466 /* PlayerConnection.cpp */ = {isa = PBXFileReference; lastKnownFileType = sourcecode.cpp.cpp; path = PlayerConnection.cpp; sourceTree = "<group>"; };
		C42E97972198803A00CCA466 /* PlayerConnection.hpp */ = {isa = PBXFileReference; lastKnownFileType = sourcecode.cpp.h; path = PlayerConnection.hpp; sourceTree = "<group>"; };
		C4B02215219581440054128C /* game-server */ = {isa = PBXFileReference; explicitFileType = "compiled.mach-o.executable"; includeInIndex = 0; path = "game-server"; sourceTree = BUILT_PRODUCTS_DIR; };
		C4B022242195822B0054128C /* main.cpp */ = {isa = PBXFileReference; fileEncoding = 4; lastKnownFileType = sourcecode.cpp.cpp; path = main.cpp; sourceTree = "<group>"; };
		C4B022252195822B0054128C /* GameServer.hpp */ = {isa = PBXFileReference; fileEncoding = 4; lastKnownFileType = sourcecode.cpp.h; path = GameServer.hpp; sourceTree = "<group>"; };
		C4B022262195822B0054128C /* ServerComponent.cpp */ = {isa = PBXFileReference; fileEncoding = 4; lastKnownFileType = sourcecode.cpp.cpp; path = ServerComponent.cpp; sourceTree = "<group>"; };
		C4B022272195822B0054128C /* NetworkingServer.cpp */ = {isa = PBXFileReference; fileEncoding = 4; lastKnownFileType = sourcecode.cpp.cpp; path = NetworkingServer.cpp; sourceTree = "<group>"; };
		C4B022282195822B0054128C /* GameServer.cpp */ = {isa = PBXFileReference; fileEncoding = 4; lastKnownFileType = sourcecode.cpp.cpp; path = GameServer.cpp; sourceTree = "<group>"; };
		C4B022292195822B0054128C /* NetworkingServer.hpp */ = {isa = PBXFileReference; fileEncoding = 4; lastKnownFileType = sourcecode.cpp.h; path = NetworkingServer.hpp; sourceTree = "<group>"; };
		C4B0222A2195822B0054128C /* ServerComponent.hpp */ = {isa = PBXFileReference; fileEncoding = 4; lastKnownFileType = sourcecode.cpp.h; path = ServerComponent.hpp; sourceTree = "<group>"; };
		C4CC5A6621996FD100C54D2F /* NetworkingProtocol.cpp */ = {isa = PBXFileReference; lastKnownFileType = sourcecode.cpp.cpp; path = NetworkingProtocol.cpp; sourceTree = "<group>"; };
		C4CC5A6721996FD100C54D2F /* NetworkingProtocol.hpp */ = {isa = PBXFileReference; lastKnownFileType = sourcecode.cpp.h; path = NetworkingProtocol.hpp; sourceTree = "<group>"; };
		C4CC5A6921998E7D00C54D2F /* PlayerEvent.cpp */ = {isa = PBXFileReference; lastKnownFileType = sourcecode.cpp.cpp; path = PlayerEvent.cpp; sourceTree = "<group>"; };
		C4CC5A6A21998E7D00C54D2F /* PlayerEvent.hpp */ = {isa = PBXFileReference; lastKnownFileType = sourcecode.cpp.h; path = PlayerEvent.hpp; sourceTree = "<group>"; };
		C4CC5A6D21998EC300C54D2F /* PlayerEventType.hpp */ = {isa = PBXFileReference; lastKnownFileType = sourcecode.cpp.h; path = PlayerEventType.hpp; sourceTree = "<group>"; };
		C4CC5A6F2199955A00C54D2F /* README.md */ = {isa = PBXFileReference; lastKnownFileType = net.daringfireball.markdown; path = README.md; sourceTree = "<group>"; };
		C4CC5A7021999B2900C54D2F /* PlayerEventTypeResolver.cpp */ = {isa = PBXFileReference; lastKnownFileType = sourcecode.cpp.cpp; path = PlayerEventTypeResolver.cpp; sourceTree = "<group>"; };
		C4CC5A7121999B2900C54D2F /* PlayerEventTypeResolver.hpp */ = {isa = PBXFileReference; lastKnownFileType = sourcecode.cpp.h; path = PlayerEventTypeResolver.hpp; sourceTree = "<group>"; };
/* End PBXFileReference section */

/* Begin PBXFrameworksBuildPhase section */
		C4B02213219581440054128C /* Frameworks */ = {
			isa = PBXFrameworksBuildPhase;
			buildActionMask = 2147483647;
			files = (
			);
			runOnlyForDeploymentPostprocessing = 0;
		};
/* End PBXFrameworksBuildPhase section */

/* Begin PBXGroup section */
		C42E979921988D1A00CCA466 /* Source Files */ = {
			isa = PBXGroup;
			children = (
				C4B022282195822B0054128C /* GameServer.cpp */,
				C4B022272195822B0054128C /* NetworkingServer.cpp */,
				C42E97962198803A00CCA466 /* PlayerConnection.cpp */,
				C4B022262195822B0054128C /* ServerComponent.cpp */,
				C4CC5A6621996FD100C54D2F /* NetworkingProtocol.cpp */,
				C4CC5A6921998E7D00C54D2F /* PlayerEvent.cpp */,
				C4CC5A7021999B2900C54D2F /* PlayerEventTypeResolver.cpp */,
			);
			name = "Source Files";
			sourceTree = "<group>";
		};
		C42E979A21988D2400CCA466 /* Header Files */ = {
			isa = PBXGroup;
			children = (
				C4CC5A6D21998EC300C54D2F /* PlayerEventType.hpp */,
				C4CC5A6A21998E7D00C54D2F /* PlayerEvent.hpp */,
				C4CC5A6721996FD100C54D2F /* NetworkingProtocol.hpp */,
				C4B022252195822B0054128C /* GameServer.hpp */,
				C42E97972198803A00CCA466 /* PlayerConnection.hpp */,
				C4B022292195822B0054128C /* NetworkingServer.hpp */,
				C4B0222A2195822B0054128C /* ServerComponent.hpp */,
				C4CC5A7121999B2900C54D2F /* PlayerEventTypeResolver.hpp */,
			);
			name = "Header Files";
			sourceTree = "<group>";
		};
		C4B0220D219581440054128C = {
			isa = PBXGroup;
			children = (
				C4CC5A6F2199955A00C54D2F /* README.md */,
				C4B02217219581440054128C /* game-server */,
				C4B02216219581440054128C /* Products */,
			);
			sourceTree = "<group>";
		};
		C4B02216219581440054128C /* Products */ = {
			isa = PBXGroup;
			children = (
				C4B02215219581440054128C /* game-server */,
			);
			name = Products;
			sourceTree = "<group>";
		};
		C4B02217219581440054128C /* game-server */ = {
			isa = PBXGroup;
			children = (
				C42E979A21988D2400CCA466 /* Header Files */,
				C42E979921988D1A00CCA466 /* Source Files */,
				C4B022242195822B0054128C /* main.cpp */,
				C4B0221A219581440054128C /* Resources */,
			);
			path = "game-server";
			sourceTree = "<group>";
		};
		C4B0221A219581440054128C /* Resources */ = {
			isa = PBXGroup;
			children = (
			);
			name = Resources;
			sourceTree = "<group>";
		};
/* End PBXGroup section */

/* Begin PBXNativeTarget section */
		C4B02214219581440054128C /* game-server */ = {
			isa = PBXNativeTarget;
			buildConfigurationList = C4B02221219581440054128C /* Build configuration list for PBXNativeTarget "game-server" */;
			buildPhases = (
				C4B02212219581440054128C /* Sources */,
				C4B02213219581440054128C /* Frameworks */,
			);
			buildRules = (
			);
			dependencies = (
			);
			name = "game-server";
			productName = "game-server";
			productReference = C4B02215219581440054128C /* game-server */;
			productType = "com.apple.product-type.tool";
		};
/* End PBXNativeTarget section */

/* Begin PBXProject section */
		C4B0220E219581440054128C /* Project object */ = {
			isa = PBXProject;
			attributes = {
				LastUpgradeCheck = 1010;
				ORGANIZATIONNAME = "Bob Desaunois";
				TargetAttributes = {
					C4B02214219581440054128C = {
						CreatedOnToolsVersion = 10.1;
					};
				};
			};
			buildConfigurationList = C4B02211219581440054128C /* Build configuration list for PBXProject "game-server" */;
			compatibilityVersion = "Xcode 9.3";
			developmentRegion = en;
			hasScannedForEncodings = 0;
			knownRegions = (
				en,
			);
			mainGroup = C4B0220D219581440054128C;
			productRefGroup = C4B02216219581440054128C /* Products */;
			projectDirPath = "";
			projectRoot = "";
			targets = (
				C4B02214219581440054128C /* game-server */,
			);
		};
/* End PBXProject section */

/* Begin PBXSourcesBuildPhase section */
		C4B02212219581440054128C /* Sources */ = {
			isa = PBXSourcesBuildPhase;
			buildActionMask = 2147483647;
			files = (
				C4B0222E2195822B0054128C /* GameServer.cpp in Sources */,
				C4CC5A6821996FD100C54D2F /* NetworkingProtocol.cpp in Sources */,
				C4CC5A6B21998E7D00C54D2F /* PlayerEvent.cpp in Sources */,
				C4B0222C2195822B0054128C /* ServerComponent.cpp in Sources */,
				C42E97982198803A00CCA466 /* PlayerConnection.cpp in Sources */,
				C4B0222D2195822B0054128C /* NetworkingServer.cpp in Sources */,
				C4B0222B2195822B0054128C /* main.cpp in Sources */,
				C4CC5A7221999B2900C54D2F /* PlayerEventTypeResolver.cpp in Sources */,
			);
			runOnlyForDeploymentPostprocessing = 0;
		};
/* End PBXSourcesBuildPhase section */

/* Begin XCBuildConfiguration section */
		C4B0221F219581440054128C /* Debug */ = {
			isa = XCBuildConfiguration;
			buildSettings = {
				ARCHS = "$(NATIVE_ARCH_ACTUAL)";
				CLANG_CXX_LANGUAGE_STANDARD = "c++11";
				CLANG_CXX_LIBRARY = "libc++";
				FRAMEWORK_SEARCH_PATHS = (
					/Library/Frameworks/,
					"$(inherited)",
				);
				GCC_VERSION = com.apple.compilers.llvm.clang.1_0;
				HEADER_SEARCH_PATHS = (
					/usr/local/include/,
					"$(inherited)",
				);
				LIBRARY_SEARCH_PATHS = (
					/usr/local/lib/,
					"$(inherited)",
				);
				MACOSX_DEPLOYMENT_TARGET = 10.7;
				OTHER_LDFLAGS = (
					"$(inherited)",
					"$(SFML_SYSTEM)",
					"$(SFML_WINDOW)",
					"$(SFML_GRAPHICS)",
					"$(SFML_AUDIO)",
					"$(SFML_NETWORK)",
				);
				SFML_AUDIO = "";
				SFML_BINARY_TYPE = FRAMEWORKS;
				SFML_LINK_DYLIBS_PREFIX = "-l";
				SFML_LINK_DYLIBS_SUFFIX = "";
				SFML_LINK_FRAMEWORKS_PREFIX = "-framework";
				SFML_LINK_FRAMEWORKS_SUFFIX = "";
				SFML_LINK_PREFIX = "$(SFML_LINK_$(SFML_BINARY_TYPE)_PREFIX)";
				SFML_LINK_SUFFIX = "$(SFML_LINK_$(SFML_BINARY_TYPE)_SUFFIX)";
				SFML_NETWORK = "$(SFML_LINK_PREFIX) sfml-network$(SFML_LINK_SUFFIX)";
				SFML_SYSTEM = "$(SFML_LINK_PREFIX) sfml-system$(SFML_LINK_SUFFIX)";
				SFML_WINDOW = "";
				SUPPORTED_PLATFORMS = macosx;
			};
			name = Debug;
		};
		C4B02220219581440054128C /* Release */ = {
			isa = XCBuildConfiguration;
			buildSettings = {
				ARCHS = "$(NATIVE_ARCH_ACTUAL)";
				CLANG_CXX_LANGUAGE_STANDARD = "c++11";
				CLANG_CXX_LIBRARY = "libc++";
				FRAMEWORK_SEARCH_PATHS = (
					/Library/Frameworks/,
					"$(inherited)",
				);
				GCC_VERSION = com.apple.compilers.llvm.clang.1_0;
				HEADER_SEARCH_PATHS = (
					/usr/local/include/,
					"$(inherited)",
				);
				LIBRARY_SEARCH_PATHS = (
					/usr/local/lib/,
					"$(inherited)",
				);
				MACOSX_DEPLOYMENT_TARGET = 10.7;
				OTHER_LDFLAGS = (
					"$(inherited)",
					"$(SFML_SYSTEM)",
					"$(SFML_WINDOW)",
					"$(SFML_GRAPHICS)",
					"$(SFML_AUDIO)",
					"$(SFML_NETWORK)",
				);
				SFML_AUDIO = "";
				SFML_BINARY_TYPE = FRAMEWORKS;
				SFML_LINK_DYLIBS_PREFIX = "-l";
				SFML_LINK_DYLIBS_SUFFIX = "";
				SFML_LINK_FRAMEWORKS_PREFIX = "-framework";
				SFML_LINK_FRAMEWORKS_SUFFIX = "";
				SFML_LINK_PREFIX = "$(SFML_LINK_$(SFML_BINARY_TYPE)_PREFIX)";
				SFML_LINK_SUFFIX = "$(SFML_LINK_$(SFML_BINARY_TYPE)_SUFFIX)";
				SFML_NETWORK = "$(SFML_LINK_PREFIX) sfml-network$(SFML_LINK_SUFFIX)";
				SFML_SYSTEM = "$(SFML_LINK_PREFIX) sfml-system$(SFML_LINK_SUFFIX)";
				SFML_WINDOW = "";
				SUPPORTED_PLATFORMS = macosx;
			};
			name = Release;
		};
		C4B02222219581440054128C /* Debug */ = {
			isa = XCBuildConfiguration;
			buildSettings = {
				CODE_SIGN_STYLE = Automatic;
				DEVELOPMENT_TEAM = C5MXJUGEP9;
				PRODUCT_NAME = "$(TARGET_NAME)";
			};
			name = Debug;
		};
		C4B02223219581440054128C /* Release */ = {
			isa = XCBuildConfiguration;
			buildSettings = {
				CODE_SIGN_STYLE = Automatic;
				DEVELOPMENT_TEAM = C5MXJUGEP9;
				PRODUCT_NAME = "$(TARGET_NAME)";
			};
			name = Release;
		};
/* End XCBuildConfiguration section */

/* Begin XCConfigurationList section */
		C4B02211219581440054128C /* Build configuration list for PBXProject "game-server" */ = {
			isa = XCConfigurationList;
			buildConfigurations = (
				C4B0221F219581440054128C /* Debug */,
				C4B02220219581440054128C /* Release */,
			);
			defaultConfigurationIsVisible = 0;
			defaultConfigurationName = Release;
		};
		C4B02221219581440054128C /* Build configuration list for PBXNativeTarget "game-server" */ = {
			isa = XCConfigurationList;
			buildConfigurations = (
				C4B02222219581440054128C /* Debug */,
				C4B02223219581440054128C /* Release */,
			);
			defaultConfigurationIsVisible = 0;
			defaultConfigurationName = Release;
		};
/* End XCConfigurationList section */
	};
	rootObject = C4B0220E219581440054128C /* Project object */;
}
